// !$*UTF8*$!
{
	archiveVersion = 1;
	classes = {
	};
	objectVersion = 48;
	objects = {

/* Begin PBXBuildFile section */
		CA6448331FC87F2B00E1610E /* AppDelegate.swift in Sources */ = {isa = PBXBuildFile; fileRef = CA6448321FC87F2B00E1610E /* AppDelegate.swift */; };
		CA6448351FC87F2B00E1610E /* ViewController.swift in Sources */ = {isa = PBXBuildFile; fileRef = CA6448341FC87F2B00E1610E /* ViewController.swift */; };
		CA6448381FC87F2B00E1610E /* Main.storyboard in Resources */ = {isa = PBXBuildFile; fileRef = CA6448361FC87F2B00E1610E /* Main.storyboard */; };
		CA64483A1FC87F2B00E1610E /* Assets.xcassets in Resources */ = {isa = PBXBuildFile; fileRef = CA6448391FC87F2B00E1610E /* Assets.xcassets */; };
		CA64483D1FC87F2B00E1610E /* LaunchScreen.storyboard in Resources */ = {isa = PBXBuildFile; fileRef = CA64483B1FC87F2B00E1610E /* LaunchScreen.storyboard */; };
		CA6448581FC87F2B00E1610E /* Circular Crown Selector WatchKit App.app in Embed Watch Content */ = {isa = PBXBuildFile; fileRef = CA6448571FC87F2B00E1610E /* Circular Crown Selector WatchKit App.app */; };
		CA64485E1FC87F2B00E1610E /* Interface.storyboard in Resources */ = {isa = PBXBuildFile; fileRef = CA64485C1FC87F2B00E1610E /* Interface.storyboard */; };
		CA6448671FC87F2B00E1610E /* Circular Crown Selector WatchKit Extension.appex in Embed App Extensions */ = {isa = PBXBuildFile; fileRef = CA6448661FC87F2B00E1610E /* Circular Crown Selector WatchKit Extension.appex */; settings = {ATTRIBUTES = (RemoveHeadersOnCopy, ); }; };
		CA64486C1FC87F2B00E1610E /* CrownSelectorInterfaceController.swift in Sources */ = {isa = PBXBuildFile; fileRef = CA64486B1FC87F2B00E1610E /* CrownSelectorInterfaceController.swift */; };
		CA64486E1FC87F2B00E1610E /* ExtensionDelegate.swift in Sources */ = {isa = PBXBuildFile; fileRef = CA64486D1FC87F2B00E1610E /* ExtensionDelegate.swift */; };
		CA6448701FC87F2B00E1610E /* Assets.xcassets in Resources */ = {isa = PBXBuildFile; fileRef = CA64486F1FC87F2B00E1610E /* Assets.xcassets */; };
/* End PBXBuildFile section */

/* Begin PBXContainerItemProxy section */
		CA6448591FC87F2B00E1610E /* PBXContainerItemProxy */ = {
			isa = PBXContainerItemProxy;
			containerPortal = CA6448271FC87F2A00E1610E /* Project object */;
			proxyType = 1;
			remoteGlobalIDString = CA6448561FC87F2B00E1610E;
			remoteInfo = "Circular Crown Selector WatchKit App";
		};
		CA6448681FC87F2B00E1610E /* PBXContainerItemProxy */ = {
			isa = PBXContainerItemProxy;
			containerPortal = CA6448271FC87F2A00E1610E /* Project object */;
			proxyType = 1;
			remoteGlobalIDString = CA6448651FC87F2B00E1610E;
			remoteInfo = "Circular Crown Selector WatchKit Extension";
		};
/* End PBXContainerItemProxy section */

/* Begin PBXCopyFilesBuildPhase section */
		CA6448771FC87F2B00E1610E /* Embed App Extensions */ = {
			isa = PBXCopyFilesBuildPhase;
			buildActionMask = 2147483647;
			dstPath = "";
			dstSubfolderSpec = 13;
			files = (
				CA6448671FC87F2B00E1610E /* Circular Crown Selector WatchKit Extension.appex in Embed App Extensions */,
			);
			name = "Embed App Extensions";
			runOnlyForDeploymentPostprocessing = 0;
		};
		CA64487B1FC87F2B00E1610E /* Embed Watch Content */ = {
			isa = PBXCopyFilesBuildPhase;
			buildActionMask = 2147483647;
			dstPath = "$(CONTENTS_FOLDER_PATH)/Watch";
			dstSubfolderSpec = 16;
			files = (
				CA6448581FC87F2B00E1610E /* Circular Crown Selector WatchKit App.app in Embed Watch Content */,
			);
			name = "Embed Watch Content";
			runOnlyForDeploymentPostprocessing = 0;
		};
/* End PBXCopyFilesBuildPhase section */

/* Begin PBXFileReference section */
		CA64482F1FC87F2B00E1610E /* Circular Crown Selector.app */ = {isa = PBXFileReference; explicitFileType = wrapper.application; includeInIndex = 0; path = "Circular Crown Selector.app"; sourceTree = BUILT_PRODUCTS_DIR; };
		CA6448321FC87F2B00E1610E /* AppDelegate.swift */ = {isa = PBXFileReference; lastKnownFileType = sourcecode.swift; path = AppDelegate.swift; sourceTree = "<group>"; };
		CA6448341FC87F2B00E1610E /* ViewController.swift */ = {isa = PBXFileReference; lastKnownFileType = sourcecode.swift; path = ViewController.swift; sourceTree = "<group>"; };
		CA6448371FC87F2B00E1610E /* Base */ = {isa = PBXFileReference; lastKnownFileType = file.storyboard; name = Base; path = Base.lproj/Main.storyboard; sourceTree = "<group>"; };
		CA6448391FC87F2B00E1610E /* Assets.xcassets */ = {isa = PBXFileReference; lastKnownFileType = folder.assetcatalog; path = Assets.xcassets; sourceTree = "<group>"; };
		CA64483C1FC87F2B00E1610E /* Base */ = {isa = PBXFileReference; lastKnownFileType = file.storyboard; name = Base; path = Base.lproj/LaunchScreen.storyboard; sourceTree = "<group>"; };
		CA64483E1FC87F2B00E1610E /* Info.plist */ = {isa = PBXFileReference; lastKnownFileType = text.plist.xml; path = Info.plist; sourceTree = "<group>"; };
		CA6448571FC87F2B00E1610E /* Circular Crown Selector WatchKit App.app */ = {isa = PBXFileReference; explicitFileType = wrapper.application; includeInIndex = 0; path = "Circular Crown Selector WatchKit App.app"; sourceTree = BUILT_PRODUCTS_DIR; };
		CA64485D1FC87F2B00E1610E /* Base */ = {isa = PBXFileReference; lastKnownFileType = file.storyboard; name = Base; path = Base.lproj/Interface.storyboard; sourceTree = "<group>"; };
		CA6448611FC87F2B00E1610E /* Info.plist */ = {isa = PBXFileReference; lastKnownFileType = text.plist.xml; path = Info.plist; sourceTree = "<group>"; };
		CA6448661FC87F2B00E1610E /* Circular Crown Selector WatchKit Extension.appex */ = {isa = PBXFileReference; explicitFileType = "wrapper.app-extension"; includeInIndex = 0; path = "Circular Crown Selector WatchKit Extension.appex"; sourceTree = BUILT_PRODUCTS_DIR; };
		CA64486B1FC87F2B00E1610E /* CrownSelectorInterfaceController.swift */ = {isa = PBXFileReference; lastKnownFileType = sourcecode.swift; path = CrownSelectorInterfaceController.swift; sourceTree = "<group>"; };
		CA64486D1FC87F2B00E1610E /* ExtensionDelegate.swift */ = {isa = PBXFileReference; lastKnownFileType = sourcecode.swift; path = ExtensionDelegate.swift; sourceTree = "<group>"; };
		CA64486F1FC87F2B00E1610E /* Assets.xcassets */ = {isa = PBXFileReference; lastKnownFileType = folder.assetcatalog; path = Assets.xcassets; sourceTree = "<group>"; };
		CA6448711FC87F2B00E1610E /* Info.plist */ = {isa = PBXFileReference; lastKnownFileType = text.plist.xml; path = Info.plist; sourceTree = "<group>"; };
/* End PBXFileReference section */

/* Begin PBXFrameworksBuildPhase section */
		CA64482C1FC87F2B00E1610E /* Frameworks */ = {
			isa = PBXFrameworksBuildPhase;
			buildActionMask = 2147483647;
			files = (
			);
			runOnlyForDeploymentPostprocessing = 0;
		};
		CA6448631FC87F2B00E1610E /* Frameworks */ = {
			isa = PBXFrameworksBuildPhase;
			buildActionMask = 2147483647;
			files = (
			);
			runOnlyForDeploymentPostprocessing = 0;
		};
/* End PBXFrameworksBuildPhase section */

/* Begin PBXGroup section */
		CA39A67D1FC8B4B900B780FB /* Source */ = {
			isa = PBXGroup;
			children = (
				CA64485C1FC87F2B00E1610E /* Interface.storyboard */,
				CA64486B1FC87F2B00E1610E /* CrownSelectorInterfaceController.swift */,
			);
			path = Source;
			sourceTree = "<group>";
		};
		CA6448261FC87F2A00E1610E = {
			isa = PBXGroup;
			children = (
				CA6448311FC87F2B00E1610E /* Example-iOS */,
				CA39A67D1FC8B4B900B780FB /* Source */,
				CA64485B1FC87F2B00E1610E /* Example-watchOS */,
				CA64486A1FC87F2B00E1610E /* Example-watchOS Extension */,
				CA6448301FC87F2B00E1610E /* Products */,
			);
			sourceTree = "<group>";
		};
		CA6448301FC87F2B00E1610E /* Products */ = {
			isa = PBXGroup;
			children = (
				CA64482F1FC87F2B00E1610E /* Circular Crown Selector.app */,
				CA6448571FC87F2B00E1610E /* Circular Crown Selector WatchKit App.app */,
				CA6448661FC87F2B00E1610E /* Circular Crown Selector WatchKit Extension.appex */,
			);
			name = Products;
			sourceTree = "<group>";
		};
		CA6448311FC87F2B00E1610E /* Example-iOS */ = {
			isa = PBXGroup;
			children = (
				CA6448321FC87F2B00E1610E /* AppDelegate.swift */,
				CA6448341FC87F2B00E1610E /* ViewController.swift */,
				CA6448361FC87F2B00E1610E /* Main.storyboard */,
				CA6448391FC87F2B00E1610E /* Assets.xcassets */,
				CA64483B1FC87F2B00E1610E /* LaunchScreen.storyboard */,
				CA64483E1FC87F2B00E1610E /* Info.plist */,
			);
			path = "Example-iOS";
			sourceTree = "<group>";
		};
		CA64485B1FC87F2B00E1610E /* Example-watchOS */ = {
			isa = PBXGroup;
			children = (
				CA6448611FC87F2B00E1610E /* Info.plist */,
			);
			path = "Example-watchOS";
			sourceTree = "<group>";
		};
		CA64486A1FC87F2B00E1610E /* Example-watchOS Extension */ = {
			isa = PBXGroup;
			children = (
				CA64486D1FC87F2B00E1610E /* ExtensionDelegate.swift */,
				CA64486F1FC87F2B00E1610E /* Assets.xcassets */,
				CA6448711FC87F2B00E1610E /* Info.plist */,
			);
			path = "Example-watchOS Extension";
			sourceTree = "<group>";
		};
/* End PBXGroup section */

/* Begin PBXNativeTarget section */
		CA64482E1FC87F2B00E1610E /* Circular Crown Selector */ = {
			isa = PBXNativeTarget;
			buildConfigurationList = CA64487C1FC87F2B00E1610E /* Build configuration list for PBXNativeTarget "Circular Crown Selector" */;
			buildPhases = (
				CA64482B1FC87F2B00E1610E /* Sources */,
				CA64482C1FC87F2B00E1610E /* Frameworks */,
				CA64482D1FC87F2B00E1610E /* Resources */,
				CA64487B1FC87F2B00E1610E /* Embed Watch Content */,
			);
			buildRules = (
			);
			dependencies = (
				CA64485A1FC87F2B00E1610E /* PBXTargetDependency */,
			);
			name = "Circular Crown Selector";
			productName = "Circular Crown Selector";
			productReference = CA64482F1FC87F2B00E1610E /* Circular Crown Selector.app */;
			productType = "com.apple.product-type.application";
		};
		CA6448561FC87F2B00E1610E /* Circular Crown Selector WatchKit App */ = {
			isa = PBXNativeTarget;
			buildConfigurationList = CA6448781FC87F2B00E1610E /* Build configuration list for PBXNativeTarget "Circular Crown Selector WatchKit App" */;
			buildPhases = (
				CA6448551FC87F2B00E1610E /* Resources */,
				CA6448771FC87F2B00E1610E /* Embed App Extensions */,
			);
			buildRules = (
			);
			dependencies = (
				CA6448691FC87F2B00E1610E /* PBXTargetDependency */,
			);
			name = "Circular Crown Selector WatchKit App";
			productName = "Circular Crown Selector WatchKit App";
			productReference = CA6448571FC87F2B00E1610E /* Circular Crown Selector WatchKit App.app */;
			productType = "com.apple.product-type.application.watchapp2";
		};
		CA6448651FC87F2B00E1610E /* Circular Crown Selector WatchKit Extension */ = {
			isa = PBXNativeTarget;
			buildConfigurationList = CA6448741FC87F2B00E1610E /* Build configuration list for PBXNativeTarget "Circular Crown Selector WatchKit Extension" */;
			buildPhases = (
				CA6448621FC87F2B00E1610E /* Sources */,
				CA6448631FC87F2B00E1610E /* Frameworks */,
				CA6448641FC87F2B00E1610E /* Resources */,
			);
			buildRules = (
			);
			dependencies = (
			);
			name = "Circular Crown Selector WatchKit Extension";
			productName = "Circular Crown Selector WatchKit Extension";
			productReference = CA6448661FC87F2B00E1610E /* Circular Crown Selector WatchKit Extension.appex */;
			productType = "com.apple.product-type.watchkit2-extension";
		};
/* End PBXNativeTarget section */

/* Begin PBXProject section */
		CA6448271FC87F2A00E1610E /* Project object */ = {
			isa = PBXProject;
			attributes = {
				LastSwiftUpdateCheck = 0910;
				LastUpgradeCheck = 0910;
				ORGANIZATIONNAME = "Mike Choi";
				TargetAttributes = {
					CA64482E1FC87F2B00E1610E = {
						CreatedOnToolsVersion = 9.1;
						ProvisioningStyle = Automatic;
					};
					CA6448561FC87F2B00E1610E = {
						CreatedOnToolsVersion = 9.1;
						ProvisioningStyle = Automatic;
					};
					CA6448651FC87F2B00E1610E = {
						CreatedOnToolsVersion = 9.1;
						ProvisioningStyle = Automatic;
					};
				};
			};
			buildConfigurationList = CA64482A1FC87F2A00E1610E /* Build configuration list for PBXProject "Circular Crown Selector" */;
			compatibilityVersion = "Xcode 8.0";
			developmentRegion = en;
			hasScannedForEncodings = 0;
			knownRegions = (
				en,
				Base,
			);
			mainGroup = CA6448261FC87F2A00E1610E;
			productRefGroup = CA6448301FC87F2B00E1610E /* Products */;
			projectDirPath = "";
			projectRoot = "";
			targets = (
				CA64482E1FC87F2B00E1610E /* Circular Crown Selector */,
				CA6448561FC87F2B00E1610E /* Circular Crown Selector WatchKit App */,
				CA6448651FC87F2B00E1610E /* Circular Crown Selector WatchKit Extension */,
			);
		};
/* End PBXProject section */

/* Begin PBXResourcesBuildPhase section */
		CA64482D1FC87F2B00E1610E /* Resources */ = {
			isa = PBXResourcesBuildPhase;
			buildActionMask = 2147483647;
			files = (
				CA64483D1FC87F2B00E1610E /* LaunchScreen.storyboard in Resources */,
				CA64483A1FC87F2B00E1610E /* Assets.xcassets in Resources */,
				CA6448381FC87F2B00E1610E /* Main.storyboard in Resources */,
			);
			runOnlyForDeploymentPostprocessing = 0;
		};
		CA6448551FC87F2B00E1610E /* Resources */ = {
			isa = PBXResourcesBuildPhase;
			buildActionMask = 2147483647;
			files = (
				CA64485E1FC87F2B00E1610E /* Interface.storyboard in Resources */,
			);
			runOnlyForDeploymentPostprocessing = 0;
		};
		CA6448641FC87F2B00E1610E /* Resources */ = {
			isa = PBXResourcesBuildPhase;
			buildActionMask = 2147483647;
			files = (
				CA6448701FC87F2B00E1610E /* Assets.xcassets in Resources */,
			);
			runOnlyForDeploymentPostprocessing = 0;
		};
/* End PBXResourcesBuildPhase section */

/* Begin PBXSourcesBuildPhase section */
		CA64482B1FC87F2B00E1610E /* Sources */ = {
			isa = PBXSourcesBuildPhase;
			buildActionMask = 2147483647;
			files = (
				CA6448351FC87F2B00E1610E /* ViewController.swift in Sources */,
				CA6448331FC87F2B00E1610E /* AppDelegate.swift in Sources */,
			);
			runOnlyForDeploymentPostprocessing = 0;
		};
		CA6448621FC87F2B00E1610E /* Sources */ = {
			isa = PBXSourcesBuildPhase;
			buildActionMask = 2147483647;
			files = (
				CA64486E1FC87F2B00E1610E /* ExtensionDelegate.swift in Sources */,
				CA64486C1FC87F2B00E1610E /* CrownSelectorInterfaceController.swift in Sources */,
			);
			runOnlyForDeploymentPostprocessing = 0;
		};
/* End PBXSourcesBuildPhase section */

/* Begin PBXTargetDependency section */
		CA64485A1FC87F2B00E1610E /* PBXTargetDependency */ = {
			isa = PBXTargetDependency;
			target = CA6448561FC87F2B00E1610E /* Circular Crown Selector WatchKit App */;
			targetProxy = CA6448591FC87F2B00E1610E /* PBXContainerItemProxy */;
		};
		CA6448691FC87F2B00E1610E /* PBXTargetDependency */ = {
			isa = PBXTargetDependency;
			target = CA6448651FC87F2B00E1610E /* Circular Crown Selector WatchKit Extension */;
			targetProxy = CA6448681FC87F2B00E1610E /* PBXContainerItemProxy */;
		};
/* End PBXTargetDependency section */

/* Begin PBXVariantGroup section */
		CA6448361FC87F2B00E1610E /* Main.storyboard */ = {
			isa = PBXVariantGroup;
			children = (
				CA6448371FC87F2B00E1610E /* Base */,
			);
			name = Main.storyboard;
			sourceTree = "<group>";
		};
		CA64483B1FC87F2B00E1610E /* LaunchScreen.storyboard */ = {
			isa = PBXVariantGroup;
			children = (
				CA64483C1FC87F2B00E1610E /* Base */,
			);
			name = LaunchScreen.storyboard;
			sourceTree = "<group>";
		};
		CA64485C1FC87F2B00E1610E /* Interface.storyboard */ = {
			isa = PBXVariantGroup;
			children = (
				CA64485D1FC87F2B00E1610E /* Base */,
			);
			name = Interface.storyboard;
			sourceTree = "<group>";
		};
/* End PBXVariantGroup section */

/* Begin XCBuildConfiguration section */
		CA6448721FC87F2B00E1610E /* Debug */ = {
			isa = XCBuildConfiguration;
			buildSettings = {
				ALWAYS_SEARCH_USER_PATHS = NO;
				CLANG_ANALYZER_NONNULL = YES;
				CLANG_ANALYZER_NUMBER_OBJECT_CONVERSION = YES_AGGRESSIVE;
				CLANG_CXX_LANGUAGE_STANDARD = "gnu++14";
				CLANG_CXX_LIBRARY = "libc++";
				CLANG_ENABLE_MODULES = YES;
				CLANG_ENABLE_OBJC_ARC = YES;
				CLANG_WARN_BLOCK_CAPTURE_AUTORELEASING = YES;
				CLANG_WARN_BOOL_CONVERSION = YES;
				CLANG_WARN_COMMA = YES;
				CLANG_WARN_CONSTANT_CONVERSION = YES;
				CLANG_WARN_DIRECT_OBJC_ISA_USAGE = YES_ERROR;
				CLANG_WARN_DOCUMENTATION_COMMENTS = YES;
				CLANG_WARN_EMPTY_BODY = YES;
				CLANG_WARN_ENUM_CONVERSION = YES;
				CLANG_WARN_INFINITE_RECURSION = YES;
				CLANG_WARN_INT_CONVERSION = YES;
				CLANG_WARN_NON_LITERAL_NULL_CONVERSION = YES;
				CLANG_WARN_OBJC_LITERAL_CONVERSION = YES;
				CLANG_WARN_OBJC_ROOT_CLASS = YES_ERROR;
				CLANG_WARN_RANGE_LOOP_ANALYSIS = YES;
				CLANG_WARN_STRICT_PROTOTYPES = YES;
				CLANG_WARN_SUSPICIOUS_MOVE = YES;
				CLANG_WARN_UNGUARDED_AVAILABILITY = YES_AGGRESSIVE;
				CLANG_WARN_UNREACHABLE_CODE = YES;
				CLANG_WARN__DUPLICATE_METHOD_MATCH = YES;
				CODE_SIGN_IDENTITY = "iPhone Developer";
				COPY_PHASE_STRIP = NO;
				DEBUG_INFORMATION_FORMAT = dwarf;
				ENABLE_STRICT_OBJC_MSGSEND = YES;
				ENABLE_TESTABILITY = YES;
				GCC_C_LANGUAGE_STANDARD = gnu11;
				GCC_DYNAMIC_NO_PIC = NO;
				GCC_NO_COMMON_BLOCKS = YES;
				GCC_OPTIMIZATION_LEVEL = 0;
				GCC_PREPROCESSOR_DEFINITIONS = (
					"DEBUG=1",
					"$(inherited)",
				);
				GCC_WARN_64_TO_32_BIT_CONVERSION = YES;
				GCC_WARN_ABOUT_RETURN_TYPE = YES_ERROR;
				GCC_WARN_UNDECLARED_SELECTOR = YES;
				GCC_WARN_UNINITIALIZED_AUTOS = YES_AGGRESSIVE;
				GCC_WARN_UNUSED_FUNCTION = YES;
				GCC_WARN_UNUSED_VARIABLE = YES;
				IPHONEOS_DEPLOYMENT_TARGET = 11.1;
				MTL_ENABLE_DEBUG_INFO = YES;
				ONLY_ACTIVE_ARCH = YES;
				SDKROOT = iphoneos;
				SWIFT_ACTIVE_COMPILATION_CONDITIONS = DEBUG;
				SWIFT_OPTIMIZATION_LEVEL = "-Onone";
			};
			name = Debug;
		};
		CA6448731FC87F2B00E1610E /* Release */ = {
			isa = XCBuildConfiguration;
			buildSettings = {
				ALWAYS_SEARCH_USER_PATHS = NO;
				CLANG_ANALYZER_NONNULL = YES;
				CLANG_ANALYZER_NUMBER_OBJECT_CONVERSION = YES_AGGRESSIVE;
				CLANG_CXX_LANGUAGE_STANDARD = "gnu++14";
				CLANG_CXX_LIBRARY = "libc++";
				CLANG_ENABLE_MODULES = YES;
				CLANG_ENABLE_OBJC_ARC = YES;
				CLANG_WARN_BLOCK_CAPTURE_AUTORELEASING = YES;
				CLANG_WARN_BOOL_CONVERSION = YES;
				CLANG_WARN_COMMA = YES;
				CLANG_WARN_CONSTANT_CONVERSION = YES;
				CLANG_WARN_DIRECT_OBJC_ISA_USAGE = YES_ERROR;
				CLANG_WARN_DOCUMENTATION_COMMENTS = YES;
				CLANG_WARN_EMPTY_BODY = YES;
				CLANG_WARN_ENUM_CONVERSION = YES;
				CLANG_WARN_INFINITE_RECURSION = YES;
				CLANG_WARN_INT_CONVERSION = YES;
				CLANG_WARN_NON_LITERAL_NULL_CONVERSION = YES;
				CLANG_WARN_OBJC_LITERAL_CONVERSION = YES;
				CLANG_WARN_OBJC_ROOT_CLASS = YES_ERROR;
				CLANG_WARN_RANGE_LOOP_ANALYSIS = YES;
				CLANG_WARN_STRICT_PROTOTYPES = YES;
				CLANG_WARN_SUSPICIOUS_MOVE = YES;
				CLANG_WARN_UNGUARDED_AVAILABILITY = YES_AGGRESSIVE;
				CLANG_WARN_UNREACHABLE_CODE = YES;
				CLANG_WARN__DUPLICATE_METHOD_MATCH = YES;
				CODE_SIGN_IDENTITY = "iPhone Developer";
				COPY_PHASE_STRIP = NO;
				DEBUG_INFORMATION_FORMAT = "dwarf-with-dsym";
				ENABLE_NS_ASSERTIONS = NO;
				ENABLE_STRICT_OBJC_MSGSEND = YES;
				GCC_C_LANGUAGE_STANDARD = gnu11;
				GCC_NO_COMMON_BLOCKS = YES;
				GCC_WARN_64_TO_32_BIT_CONVERSION = YES;
				GCC_WARN_ABOUT_RETURN_TYPE = YES_ERROR;
				GCC_WARN_UNDECLARED_SELECTOR = YES;
				GCC_WARN_UNINITIALIZED_AUTOS = YES_AGGRESSIVE;
				GCC_WARN_UNUSED_FUNCTION = YES;
				GCC_WARN_UNUSED_VARIABLE = YES;
				IPHONEOS_DEPLOYMENT_TARGET = 11.1;
				MTL_ENABLE_DEBUG_INFO = NO;
				SDKROOT = iphoneos;
				SWIFT_OPTIMIZATION_LEVEL = "-Owholemodule";
				VALIDATE_PRODUCT = YES;
			};
			name = Release;
		};
		CA6448751FC87F2B00E1610E /* Debug */ = {
			isa = XCBuildConfiguration;
			buildSettings = {
				ASSETCATALOG_COMPILER_COMPLICATION_NAME = Complication;
				CODE_SIGN_STYLE = Automatic;
				DEVELOPMENT_TEAM = 7J57M62A98;
				INFOPLIST_FILE = "Example-watchOS Extension/Info.plist";
				LD_RUNPATH_SEARCH_PATHS = "$(inherited) @executable_path/Frameworks @executable_path/../../Frameworks";
				PRODUCT_BUNDLE_IDENTIFIER = "com.mikechoi.Circular-Crown-Selector.watchkitapp.watchkitextension";
				PRODUCT_NAME = "${TARGET_NAME}";
				SDKROOT = watchos;
				SKIP_INSTALL = YES;
				SWIFT_VERSION = 4.0;
				TARGETED_DEVICE_FAMILY = 4;
				WATCHOS_DEPLOYMENT_TARGET = 4.1;
			};
			name = Debug;
		};
		CA6448761FC87F2B00E1610E /* Release */ = {
			isa = XCBuildConfiguration;
			buildSettings = {
				ASSETCATALOG_COMPILER_COMPLICATION_NAME = Complication;
				CODE_SIGN_STYLE = Automatic;
				DEVELOPMENT_TEAM = 7J57M62A98;
				INFOPLIST_FILE = "Example-watchOS Extension/Info.plist";
				LD_RUNPATH_SEARCH_PATHS = "$(inherited) @executable_path/Frameworks @executable_path/../../Frameworks";
				PRODUCT_BUNDLE_IDENTIFIER = "com.mikechoi.Circular-Crown-Selector.watchkitapp.watchkitextension";
				PRODUCT_NAME = "${TARGET_NAME}";
				SDKROOT = watchos;
				SKIP_INSTALL = YES;
				SWIFT_VERSION = 4.0;
				TARGETED_DEVICE_FAMILY = 4;
				WATCHOS_DEPLOYMENT_TARGET = 4.1;
			};
			name = Release;
		};
		CA6448791FC87F2B00E1610E /* Debug */ = {
			isa = XCBuildConfiguration;
			buildSettings = {
				ALWAYS_EMBED_SWIFT_STANDARD_LIBRARIES = YES;
				CODE_SIGN_STYLE = Automatic;
				DEVELOPMENT_TEAM = 7J57M62A98;
				IBSC_MODULE = Circular_Crown_Selector_WatchKit_Extension;
				INFOPLIST_FILE = "Example-watchOS/Info.plist";
				PRODUCT_BUNDLE_IDENTIFIER = "com.mikechoi.Circular-Crown-Selector.watchkitapp";
				PRODUCT_NAME = "$(TARGET_NAME)";
				SDKROOT = watchos;
				SKIP_INSTALL = YES;
				SWIFT_VERSION = 4.0;
				TARGETED_DEVICE_FAMILY = 4;
				WATCHOS_DEPLOYMENT_TARGET = 3.0;
			};
			name = Debug;
		};
		CA64487A1FC87F2B00E1610E /* Release */ = {
			isa = XCBuildConfiguration;
			buildSettings = {
				ALWAYS_EMBED_SWIFT_STANDARD_LIBRARIES = YES;
				CODE_SIGN_STYLE = Automatic;
				DEVELOPMENT_TEAM = 7J57M62A98;
				IBSC_MODULE = Circular_Crown_Selector_WatchKit_Extension;
				INFOPLIST_FILE = "Example-watchOS/Info.plist";
				PRODUCT_BUNDLE_IDENTIFIER = "com.mikechoi.Circular-Crown-Selector.watchkitapp";
				PRODUCT_NAME = "$(TARGET_NAME)";
				SDKROOT = watchos;
				SKIP_INSTALL = YES;
				SWIFT_VERSION = 4.0;
				TARGETED_DEVICE_FAMILY = 4;
				WATCHOS_DEPLOYMENT_TARGET = 3.0;
			};
			name = Release;
		};
		CA64487D1FC87F2B00E1610E /* Debug */ = {
			isa = XCBuildConfiguration;
			buildSettings = {
				ASSETCATALOG_COMPILER_APPICON_NAME = AppIcon;
				CODE_SIGN_STYLE = Automatic;
				DEVELOPMENT_TEAM = 7J57M62A98;
				INFOPLIST_FILE = "Example-iOS/Info.plist";
				IPHONEOS_DEPLOYMENT_TARGET = 9.0;
				LD_RUNPATH_SEARCH_PATHS = "$(inherited) @executable_path/Frameworks";
				PRODUCT_BUNDLE_IDENTIFIER = "com.mikechoi.Circular-Crown-Selector";
				PRODUCT_NAME = "$(TARGET_NAME)";
				SWIFT_VERSION = 4.0;
				TARGETED_DEVICE_FAMILY = "1,2";
			};
			name = Debug;
		};
		CA64487E1FC87F2B00E1610E /* Release */ = {
			isa = XCBuildConfiguration;
			buildSettings = {
				ASSETCATALOG_COMPILER_APPICON_NAME = AppIcon;
				CODE_SIGN_STYLE = Automatic;
				DEVELOPMENT_TEAM = 7J57M62A98;
				INFOPLIST_FILE = "Example-iOS/Info.plist";
				IPHONEOS_DEPLOYMENT_TARGET = 9.0;
				LD_RUNPATH_SEARCH_PATHS = "$(inherited) @executable_path/Frameworks";
				PRODUCT_BUNDLE_IDENTIFIER = "com.mikechoi.Circular-Crown-Selector";
				PRODUCT_NAME = "$(TARGET_NAME)";
				SWIFT_VERSION = 4.0;
				TARGETED_DEVICE_FAMILY = "1,2";
			};
			name = Release;
		};
/* End XCBuildConfiguration section */

/* Begin XCConfigurationList section */
		CA64482A1FC87F2A00E1610E /* Build configuration list for PBXProject "Circular Crown Selector" */ = {
			isa = XCConfigurationList;
			buildConfigurations = (
				CA6448721FC87F2B00E1610E /* Debug */,
				CA6448731FC87F2B00E1610E /* Release */,
			);
			defaultConfigurationIsVisible = 0;
			defaultConfigurationName = Release;
		};
		CA6448741FC87F2B00E1610E /* Build configuration list for PBXNativeTarget "Circular Crown Selector WatchKit Extension" */ = {
			isa = XCConfigurationList;
			buildConfigurations = (
				CA6448751FC87F2B00E1610E /* Debug */,
				CA6448761FC87F2B00E1610E /* Release */,
			);
			defaultConfigurationIsVisible = 0;
			defaultConfigurationName = Release;
		};
		CA6448781FC87F2B00E1610E /* Build configuration list for PBXNativeTarget "Circular Crown Selector WatchKit App" */ = {
			isa = XCConfigurationList;
			buildConfigurations = (
				CA6448791FC87F2B00E1610E /* Debug */,
				CA64487A1FC87F2B00E1610E /* Release */,
			);
			defaultConfigurationIsVisible = 0;
			defaultConfigurationName = Release;
		};
		CA64487C1FC87F2B00E1610E /* Build configuration list for PBXNativeTarget "Circular Crown Selector" */ = {
			isa = XCConfigurationList;
			buildConfigurations = (
				CA64487D1FC87F2B00E1610E /* Debug */,
				CA64487E1FC87F2B00E1610E /* Release */,
			);
			defaultConfigurationIsVisible = 0;
			defaultConfigurationName = Release;
		};
/* End XCConfigurationList section */
	};
	rootObject = CA6448271FC87F2A00E1610E /* Project object */;
}
